
Microsoft Visual Studio Solution File, Format Version 12.00
# Visual Studio Version 17
VisualStudioVersion = 17.5.33627.172
MinimumVisualStudioVersion = 10.0.40219.1
Project("{9A19103F-16F7-4668-BE54-9A1E7A4F7556}") = "FamilyBudget.WebApp", "src\FamilyBudget.WebApp\FamilyBudget.WebApp.csproj", "{55F29FA0-82C7-4F65-9943-FE3D08EC7874}"
EndProject
Project("{9A19103F-16F7-4668-BE54-9A1E7A4F7556}") = "FamilyBudget.DAL", "src\FamilyBudget.DAL\FamilyBudget.DAL.csproj", "{773E5938-4682-49C9-B150-FFC1F3BC7624}"
EndProject
Global
	GlobalSection(SolutionConfigurationPlatforms) = preSolution
		Debug|Any CPU = Debug|Any CPU
		Release|Any CPU = Release|Any CPU
	EndGlobalSection
	GlobalSection(ProjectConfigurationPlatforms) = postSolution
		{55F29FA0-82C7-4F65-9943-FE3D08EC7874}.Debug|Any CPU.ActiveCfg = Debug|Any CPU
		{55F29FA0-82C7-4F65-9943-FE3D08EC7874}.Debug|Any CPU.Build.0 = Debug|Any CPU
		{55F29FA0-82C7-4F65-9943-FE3D08EC7874}.Release|Any CPU.ActiveCfg = Release|Any CPU
		{55F29FA0-82C7-4F65-9943-FE3D08EC7874}.Release|Any CPU.Build.0 = Release|Any CPU
		{773E5938-4682-49C9-B150-FFC1F3BC7624}.Debug|Any CPU.ActiveCfg = Debug|Any CPU
		{773E5938-4682-49C9-B150-FFC1F3BC7624}.Debug|Any CPU.Build.0 = Debug|Any CPU
		{773E5938-4682-49C9-B150-FFC1F3BC7624}.Release|Any CPU.ActiveCfg = Release|Any CPU
		{773E5938-4682-49C9-B150-FFC1F3BC7624}.Release|Any CPU.Build.0 = Release|Any CPU
	EndGlobalSection
	GlobalSection(SolutionProperties) = preSolution
		HideSolutionNode = FALSE
	EndGlobalSection
	GlobalSection(ExtensibilityGlobals) = postSolution
		SolutionGuid = {EAE28916-3E09-4EDE-B321-70664BD40025}
	EndGlobalSection
EndGlobal
